cloud.google.com/go v0.107.0 h1:qkj22L7bgkl6vIeZDlOY2po43Mx/TIa2Wsa7VR+PEww=
cloud.google.com/go v0.107.0/go.mod h1:wpc2eNrD7hXUTy8EKS10jkxpZBjASrORK7goS+3YX2I=
github.com/getsentry/sentry-go v0.13.0 h1:20dgTiUSfxRB/EhMPtxcL9ZEbM1ZdR+W/7f7NWD+xWo=
github.com/getsentry/sentry-go v0.13.0/go.mod h1:EOsfu5ZdvKPfeHYV6pTVQnsjfp30+XA7//UooKNumH0=
github.com/go-errors/errors v1.0.1 h1:LUHzmkK3GUKUrL/1gfBUxAHzcev3apQlezX/+O7ma6w=
github.com/gofrs/uuid v4.3.1+incompatible h1:0/KbAdpx3UXAx1kEOWHJeOkpbgRFGHVgv+CFIY7dBJI=
github.com/gofrs/uuid v4.3.1+incompatible/go.mod h1:b2aQJv3Z4Fp6yNu3cdSllBxTCLRxnplIgP/c0N/04lM=
github.com/google/go-cmp v0.5.9 h1:O2Tfq5qg4qc4AmwVlvv0oLiVAGB7enBSJ2x2DqQFi38=
github.com/leapforce-libraries/go_errortools v0.0.0-20220808170134-6bf8d8106f1b h1:Xn1es62glPCmYHCLa/AHLi+HSdV5FQgzVILL6+8YU2w=
github.com/leapforce-libraries/go_errortools v0.0.0-20220808170134-6bf8d8106f1b/go.mod h1:HBMMleEMAGvyeu+3YWit5kSmpff61EWiMV1fp99lgK0=
github.com/pingcap/errors v0.11.4 h1:lFuQV/oaUMGcD2tqt+01ROSmJs75VG1ToEOkZIZ4nE4=
github.com/pkg/errors v0.8.1 h1:iURUrRGxPUNPdy5/HRSm+Yj6okJ6UtLINN0Q9M4+h3I=
golang.org/x/sys v0.0.0-20220728004956-3c1f35247d10 h1:WIoqL4EROvwiPdUtaip4VcDdpZ4kha7wBWZrbVKCIZg=
golang.org/x/sys v0.0.0-20220728004956-3c1f35247d10/go.mod h1:oPkhp1MJrh7nUepCBck5+mAzfO9JrbApNNgaTdGDITg=
